<?xml version="1.0" encoding="utf-8"?>
<Project ToolsVersion="4.0" xmlns="http://schemas.microsoft.com/developer/msbuild/2003">
  <ItemGroup>
    <Filter Include="Source Files">
      <UniqueIdentifier>{4FC737F1-C7A5-4376-A066-2A32D752A2FF}</UniqueIdentifier>
      <Extensions>cpp;c;cc;cxx;def;odl;idl;hpj;bat;asm;asmx</Extensions>
    </Filter>
    <Filter Include="Header Files">
      <UniqueIdentifier>{93995380-89BD-4b04-88EB-625FBE52EBFB}</UniqueIdentifier>
      <Extensions>h;hh;hpp;hxx;hm;inl;inc;ipp;xsd</Extensions>
    </Filter>
    <Filter Include="Shaders">
      <UniqueIdentifier>{67DA6AB6-F800-4c08-8B7A-83BB121AAD01}</UniqueIdentifier>
      <Extensions>rc;ico;cur;bmp;dlg;rc2;rct;bin;rgs;gif;jpg;jpeg;jpe;resx;tiff;tif;png;wav;mfcribbon-ms</Extensions>
    </Filter>
    <Filter Include="Source Files\Extra">
      <UniqueIdentifier>{609a0e78-a5de-411d-994a-55d88ec74646}</UniqueIdentifier>
    </Filter>
    <Filter Include="Header Files\Extra">
      <UniqueIdentifier>{980312e2-2628-4a85-be29-03c7c51406e5}</UniqueIdentifier>
    </Filter>
    <Filter Include="Header Files\Complete">
      <UniqueIdentifier>{f9d7dddd-9021-44c4-8f18-c1cf01516562}</UniqueIdentifier>
    </Filter>
    <Filter Include="Source Files\Complete">
      <UniqueIdentifier>{81d21324-4166-4607-ab42-58404f1b0a62}</UniqueIdentifier>
    </Filter>
  </ItemGroup>
  <ItemGroup>
    <ClCompile Include="flocking_app.cpp">
      <Filter>Source Files</Filter>
    </ClCompile>
    <ClCompile Include="flock.cpp">
      <Filter>Source Files</Filter>
    </ClCompile>
    <ClCompile Include="boid.cpp">
      <Filter>Source Files</Filter>
    </ClCompile>
    <ClCompile Include="genetic_algorithm.cpp">
      <Filter>Source Files</Filter>
    </ClCompile>
    <ClCompile Include="barnes_hut.cpp">
      <Filter>Source Files\Extra</Filter>
    </ClCompile>
    <ClCompile Include="bsp_tree.cpp">
      <Filter>Source Files\Extra</Filter>
    </ClCompile>
    <ClCompile Include="leaf.cpp">
      <Filter>Source Files\Extra</Filter>
    </ClCompile>
    <ClCompile Include="app_camera.cpp">
      <Filter>Source Files\Complete</Filter>
    </ClCompile>
    <ClCompile Include="food.cpp">
      <Filter>Source Files\Complete</Filter>
    </ClCompile>
    <ClCompile Include="main.cpp">
      <Filter>Source Files\Complete</Filter>
    </ClCompile>
    <ClCompile Include="resource.cpp">
      <Filter>Source Files\Complete</Filter>
    </ClCompile>
    <ClCompile Include="DNA.cpp">
      <Filter>Source Files</Filter>
    </ClCompile>
    <ClCompile Include="genotype.cpp">
      <Filter>Source Files</Filter>
    </ClCompile>
  </ItemGroup>
  <ItemGroup>
    <ClInclude Include="flocking_app.h">
      <Filter>Header Files</Filter>
    </ClInclude>
    <ClInclude Include="flock.h">
      <Filter>Header Files</Filter>
    </ClInclude>
    <ClInclude Include="boid.h">
      <Filter>Header Files</Filter>
    </ClInclude>
    <ClInclude Include="genetic_algorithm.h">
      <Filter>Header Files</Filter>
    </ClInclude>
    <ClInclude Include="barnes_hut.h">
      <Filter>Header Files\Extra</Filter>
    </ClInclude>
    <ClInclude Include="bsp_tree.h">
      <Filter>Header Files\Extra</Filter>
    </ClInclude>
    <ClInclude Include="leaf.h">
      <Filter>Header Files\Extra</Filter>
    </ClInclude>
    <ClInclude Include="app_camera.h">
      <Filter>Header Files\Complete</Filter>
    </ClInclude>
    <ClInclude Include="food.h">
      <Filter>Header Files\Complete</Filter>
    </ClInclude>
    <ClInclude Include="resource.h">
      <Filter>Header Files\Complete</Filter>
    </ClInclude>
    <ClInclude Include="DNA.h">
      <Filter>Header Files</Filter>
    </ClInclude>
    <ClInclude Include="Globals.h">
      <Filter>Header Files</Filter>
    </ClInclude>
    <ClInclude Include="genotype.h">
      <Filter>Header Files</Filter>
    </ClInclude>
  </ItemGroup>
  <ItemGroup>
    <FxCompile Include="shaders\gef\d3d11\default_3d_shader_ps.hlsl">
      <Filter>Shaders</Filter>
    </FxCompile>
    <FxCompile Include="shaders\gef\d3d11\default_3d_shader_vs.hlsl">
      <Filter>Shaders</Filter>
    </FxCompile>
    <FxCompile Include="shaders\gef\d3d11\default_3d_skinning_shader_vs.hlsl">
      <Filter>Shaders</Filter>
    </FxCompile>
    <FxCompile Include="shaders\gef\d3d11\default_sprite_shader_ps.hlsl">
      <Filter>Shaders</Filter>
    </FxCompile>
    <FxCompile Include="shaders\gef\d3d11\default_sprite_shader_vs.hlsl">
      <Filter>Shaders</Filter>
    </FxCompile>
  </ItemGroup>
</Project>